// !$*UTF8*$!
{
	archiveVersion = 1;
	classes = {
	};
	objectVersion = 55;
	objects = {

/* Begin PBXBuildFile section */
		677A0E76297ECB10003BE9E8 /* main.cpp in Sources */ = {isa = PBXBuildFile; fileRef = 677A0E75297ECB10003BE9E8 /* main.cpp */; };
		67ADEF3E297ECCA90057B75B /* sha256.cpp in Sources */ = {isa = PBXBuildFile; fileRef = 67ADEF22297ECCA90057B75B /* sha256.cpp */; };
		67ADEF42297ECCA90057B75B /* ripemd160.cpp in Sources */ = {isa = PBXBuildFile; fileRef = 67ADEF28297ECCA90057B75B /* ripemd160.cpp */; };
		67ADEF48297ECCA90057B75B /* muhash.cpp in Sources */ = {isa = PBXBuildFile; fileRef = 67ADEF32297ECCA90057B75B /* muhash.cpp */; };
		67ADEF51297ECDF90057B75B /* stdin.cpp in Sources */ = {isa = PBXBuildFile; fileRef = 67ADEF4D297ECDF90057B75B /* stdin.cpp */; };
		67ADEF53297ECE6D0057B75B /* muhash.cpp in Sources */ = {isa = PBXBuildFile; fileRef = 67ADEF52297ECE6D0057B75B /* muhash.cpp */; };
		67ADEF58297ECED70057B75B /* uint256.cpp in Sources */ = {isa = PBXBuildFile; fileRef = 67ADEF56297ECED70057B75B /* uint256.cpp */; };
		67ADEF5B297ECEFF0057B75B /* chacha20.cpp in Sources */ = {isa = PBXBuildFile; fileRef = 67ADEF59297ECEFF0057B75B /* chacha20.cpp */; };
		67ADF00B297ECFAA0057B75B /* strencodings.cpp in Sources */ = {isa = PBXBuildFile; fileRef = 67ADEFE7297ECFAA0057B75B /* strencodings.cpp */; };
		67ADF019297ECFE00057B75B /* string.cpp in Sources */ = {isa = PBXBuildFile; fileRef = 67ADF017297ECFE00057B75B /* string.cpp */; };
		67DADD17297ED2470099BE08 /* hash.cpp in Sources */ = {isa = PBXBuildFile; fileRef = 67DADD16297ED2470099BE08 /* hash.cpp */; };
		67DADD1A297ED27F0099BE08 /* hmac_sha256.cpp in Sources */ = {isa = PBXBuildFile; fileRef = 67DADD18297ED27F0099BE08 /* hmac_sha256.cpp */; };
		67DADD1E297ED2E30099BE08 /* hmac_sha512.cpp in Sources */ = {isa = PBXBuildFile; fileRef = 67DADD1D297ED2E30099BE08 /* hmac_sha512.cpp */; };
		67DADD21297ED3220099BE08 /* sha512.cpp in Sources */ = {isa = PBXBuildFile; fileRef = 67DADD20297ED3220099BE08 /* sha512.cpp */; };
		67F6E2FC297ED15E00686E17 /* spanparsing.cpp in Sources */ = {isa = PBXBuildFile; fileRef = 67F6E2FA297ED15E00686E17 /* spanparsing.cpp */; };
/* End PBXBuildFile section */

/* Begin PBXCopyFilesBuildPhase section */
		677A0E70297ECB10003BE9E8 /* CopyFiles */ = {
			isa = PBXCopyFilesBuildPhase;
			buildActionMask = 2147483647;
			dstPath = /usr/share/man/man1/;
			dstSubfolderSpec = 0;
			files = (
			);
			runOnlyForDeploymentPostprocessing = 1;
		};
/* End PBXCopyFilesBuildPhase section */

/* Begin PBXFileReference section */
		677A0E72297ECB10003BE9E8 /* musig2-cpp */ = {isa = PBXFileReference; explicitFileType = "compiled.mach-o.executable"; includeInIndex = 0; path = "musig2-cpp"; sourceTree = BUILT_PRODUCTS_DIR; };
		677A0E75297ECB10003BE9E8 /* main.cpp */ = {isa = PBXFileReference; lastKnownFileType = sourcecode.cpp.cpp; path = main.cpp; sourceTree = "<group>"; };
		67ADEF07297ECC6B0057B75B /* attributes.h */ = {isa = PBXFileReference; fileEncoding = 4; lastKnownFileType = sourcecode.c.h; path = attributes.h; sourceTree = "<group>"; };
		67ADEF0B297ECCA90057B75B /* ripemd160.h */ = {isa = PBXFileReference; fileEncoding = 4; lastKnownFileType = sourcecode.c.h; path = ripemd160.h; sourceTree = "<group>"; };
		67ADEF14297ECCA90057B75B /* sha256.h */ = {isa = PBXFileReference; fileEncoding = 4; lastKnownFileType = sourcecode.c.h; path = sha256.h; sourceTree = "<group>"; };
		67ADEF1F297ECCA90057B75B /* common.h */ = {isa = PBXFileReference; fileEncoding = 4; lastKnownFileType = sourcecode.c.h; path = common.h; sourceTree = "<group>"; };
		67ADEF22297ECCA90057B75B /* sha256.cpp */ = {isa = PBXFileReference; fileEncoding = 4; lastKnownFileType = sourcecode.cpp.cpp; path = sha256.cpp; sourceTree = "<group>"; };
		67ADEF28297ECCA90057B75B /* ripemd160.cpp */ = {isa = PBXFileReference; fileEncoding = 4; lastKnownFileType = sourcecode.cpp.cpp; path = ripemd160.cpp; sourceTree = "<group>"; };
		67ADEF32297ECCA90057B75B /* muhash.cpp */ = {isa = PBXFileReference; fileEncoding = 4; lastKnownFileType = sourcecode.cpp.cpp; path = muhash.cpp; sourceTree = "<group>"; };
		67ADEF4A297ECDF90057B75B /* stdin.h */ = {isa = PBXFileReference; fileEncoding = 4; lastKnownFileType = sourcecode.c.h; path = stdin.h; sourceTree = "<group>"; };
		67ADEF4B297ECDF90057B75B /* cpuid.h */ = {isa = PBXFileReference; fileEncoding = 4; lastKnownFileType = sourcecode.c.h; path = cpuid.h; sourceTree = "<group>"; };
		67ADEF4C297ECDF90057B75B /* endian.h */ = {isa = PBXFileReference; fileEncoding = 4; lastKnownFileType = sourcecode.c.h; path = endian.h; sourceTree = "<group>"; };
		67ADEF4D297ECDF90057B75B /* stdin.cpp */ = {isa = PBXFileReference; fileEncoding = 4; lastKnownFileType = sourcecode.cpp.cpp; path = stdin.cpp; sourceTree = "<group>"; };
		67ADEF4E297ECDF90057B75B /* byteswap.h */ = {isa = PBXFileReference; fileEncoding = 4; lastKnownFileType = sourcecode.c.h; path = byteswap.h; sourceTree = "<group>"; };
		67ADEF4F297ECDF90057B75B /* compat.h */ = {isa = PBXFileReference; fileEncoding = 4; lastKnownFileType = sourcecode.c.h; path = compat.h; sourceTree = "<group>"; };
		67ADEF50297ECDF90057B75B /* assumptions.h */ = {isa = PBXFileReference; fileEncoding = 4; lastKnownFileType = sourcecode.c.h; path = assumptions.h; sourceTree = "<group>"; };
		67ADEF52297ECE6D0057B75B /* muhash.cpp */ = {isa = PBXFileReference; fileEncoding = 4; lastKnownFileType = sourcecode.cpp.cpp; name = muhash.cpp; path = "../../../../bitcoin-master 3/src/crypto/muhash.cpp"; sourceTree = "<group>"; };
		67ADEF54297ECE820057B75B /* muhash.h */ = {isa = PBXFileReference; fileEncoding = 4; lastKnownFileType = sourcecode.c.h; path = muhash.h; sourceTree = "<group>"; };
		67ADEF55297ECEA50057B75B /* serialize.h */ = {isa = PBXFileReference; fileEncoding = 4; lastKnownFileType = sourcecode.c.h; path = serialize.h; sourceTree = "<group>"; };
		67ADEF56297ECED70057B75B /* uint256.cpp */ = {isa = PBXFileReference; fileEncoding = 4; lastKnownFileType = sourcecode.cpp.cpp; path = uint256.cpp; sourceTree = "<group>"; };
		67ADEF57297ECED70057B75B /* uint256.h */ = {isa = PBXFileReference; fileEncoding = 4; lastKnownFileType = sourcecode.c.h; path = uint256.h; sourceTree = "<group>"; };
		67ADEF59297ECEFF0057B75B /* chacha20.cpp */ = {isa = PBXFileReference; fileEncoding = 4; lastKnownFileType = sourcecode.cpp.cpp; path = chacha20.cpp; sourceTree = "<group>"; };
		67ADEF5A297ECEFF0057B75B /* chacha20.h */ = {isa = PBXFileReference; fileEncoding = 4; lastKnownFileType = sourcecode.c.h; path = chacha20.h; sourceTree = "<group>"; };
		67ADEF5C297ECF450057B75B /* span.h */ = {isa = PBXFileReference; fileEncoding = 4; lastKnownFileType = sourcecode.c.h; path = span.h; sourceTree = "<group>"; };
		67ADEFE7297ECFAA0057B75B /* strencodings.cpp */ = {isa = PBXFileReference; fileEncoding = 4; lastKnownFileType = sourcecode.cpp.cpp; path = strencodings.cpp; sourceTree = "<group>"; };
		67ADEFEA297ECFAA0057B75B /* strencodings.h */ = {isa = PBXFileReference; fileEncoding = 4; lastKnownFileType = sourcecode.c.h; path = strencodings.h; sourceTree = "<group>"; };
		67ADF017297ECFE00057B75B /* string.cpp */ = {isa = PBXFileReference; fileEncoding = 4; lastKnownFileType = sourcecode.cpp.cpp; path = string.cpp; sourceTree = "<group>"; };
		67ADF018297ECFE00057B75B /* string.h */ = {isa = PBXFileReference; fileEncoding = 4; lastKnownFileType = sourcecode.c.h; path = string.h; sourceTree = "<group>"; };
		67ADF01A297ED0280057B75B /* prevector.h */ = {isa = PBXFileReference; fileEncoding = 4; lastKnownFileType = sourcecode.c.h; path = prevector.h; sourceTree = "<group>"; };
		67ADF01B297ED0540057B75B /* serialize.h */ = {isa = PBXFileReference; fileEncoding = 4; lastKnownFileType = sourcecode.c.h; name = serialize.h; path = "../../../bitcoin-master 3/src/serialize.h"; sourceTree = "<group>"; };
		67DADD15297ED2470099BE08 /* hash.h */ = {isa = PBXFileReference; fileEncoding = 4; lastKnownFileType = sourcecode.c.h; path = hash.h; sourceTree = "<group>"; };
		67DADD16297ED2470099BE08 /* hash.cpp */ = {isa = PBXFileReference; fileEncoding = 4; lastKnownFileType = sourcecode.cpp.cpp; path = hash.cpp; sourceTree = "<group>"; };
		67DADD18297ED27F0099BE08 /* hmac_sha256.cpp */ = {isa = PBXFileReference; fileEncoding = 4; lastKnownFileType = sourcecode.cpp.cpp; path = hmac_sha256.cpp; sourceTree = "<group>"; };
		67DADD19297ED27F0099BE08 /* hmac_sha256.h */ = {isa = PBXFileReference; fileEncoding = 4; lastKnownFileType = sourcecode.c.h; path = hmac_sha256.h; sourceTree = "<group>"; };
		67DADD1B297ED2BB0099BE08 /* version.h */ = {isa = PBXFileReference; fileEncoding = 4; lastKnownFileType = sourcecode.c.h; path = version.h; sourceTree = "<group>"; };
		67DADD1C297ED2E30099BE08 /* hmac_sha512.h */ = {isa = PBXFileReference; fileEncoding = 4; lastKnownFileType = sourcecode.c.h; path = hmac_sha512.h; sourceTree = "<group>"; };
		67DADD1D297ED2E30099BE08 /* hmac_sha512.cpp */ = {isa = PBXFileReference; fileEncoding = 4; lastKnownFileType = sourcecode.cpp.cpp; path = hmac_sha512.cpp; sourceTree = "<group>"; };
		67DADD1F297ED3100099BE08 /* sha512.h */ = {isa = PBXFileReference; fileEncoding = 4; lastKnownFileType = sourcecode.c.h; path = sha512.h; sourceTree = "<group>"; };
		67DADD20297ED3220099BE08 /* sha512.cpp */ = {isa = PBXFileReference; fileEncoding = 4; lastKnownFileType = sourcecode.cpp.cpp; path = sha512.cpp; sourceTree = "<group>"; };
		67F6E2FA297ED15E00686E17 /* spanparsing.cpp */ = {isa = PBXFileReference; fileEncoding = 4; lastKnownFileType = sourcecode.cpp.cpp; path = spanparsing.cpp; sourceTree = "<group>"; };
		67F6E2FB297ED15E00686E17 /* spanparsing.h */ = {isa = PBXFileReference; fileEncoding = 4; lastKnownFileType = sourcecode.c.h; path = spanparsing.h; sourceTree = "<group>"; };
/* End PBXFileReference section */

/* Begin PBXFrameworksBuildPhase section */
		677A0E6F297ECB10003BE9E8 /* Frameworks */ = {
			isa = PBXFrameworksBuildPhase;
			buildActionMask = 2147483647;
			files = (
			);
			runOnlyForDeploymentPostprocessing = 0;
		};
/* End PBXFrameworksBuildPhase section */

/* Begin PBXGroup section */
		677A0E69297ECB10003BE9E8 = {
			isa = PBXGroup;
			children = (
				677A0E74297ECB10003BE9E8 /* src */,
				677A0E73297ECB10003BE9E8 /* Products */,
			);
			sourceTree = "<group>";
		};
		677A0E73297ECB10003BE9E8 /* Products */ = {
			isa = PBXGroup;
			children = (
				677A0E72297ECB10003BE9E8 /* musig2-cpp */,
			);
			name = Products;
			sourceTree = "<group>";
		};
		677A0E74297ECB10003BE9E8 /* src */ = {
			isa = PBXGroup;
			children = (
				67DADD1B297ED2BB0099BE08 /* version.h */,
				67DADD16297ED2470099BE08 /* hash.cpp */,
				67DADD15297ED2470099BE08 /* hash.h */,
				67ADF01B297ED0540057B75B /* serialize.h */,
				67ADF01A297ED0280057B75B /* prevector.h */,
				67ADEFBA297ECFAA0057B75B /* util */,
				67ADEF5C297ECF450057B75B /* span.h */,
				67ADEF56297ECED70057B75B /* uint256.cpp */,
				67ADEF57297ECED70057B75B /* uint256.h */,
				67ADEF55297ECEA50057B75B /* serialize.h */,
				67ADEF49297ECDF90057B75B /* compat */,
				67ADEF09297ECCA90057B75B /* crypto */,
				67ADEF07297ECC6B0057B75B /* attributes.h */,
				677A0E75297ECB10003BE9E8 /* main.cpp */,
			);
			path = src;
			sourceTree = "<group>";
		};
		67ADEF09297ECCA90057B75B /* crypto */ = {
			isa = PBXGroup;
			children = (
				67DADD20297ED3220099BE08 /* sha512.cpp */,
				67DADD1F297ED3100099BE08 /* sha512.h */,
				67DADD1D297ED2E30099BE08 /* hmac_sha512.cpp */,
				67DADD1C297ED2E30099BE08 /* hmac_sha512.h */,
				67DADD18297ED27F0099BE08 /* hmac_sha256.cpp */,
				67DADD19297ED27F0099BE08 /* hmac_sha256.h */,
				67ADEF59297ECEFF0057B75B /* chacha20.cpp */,
				67ADEF5A297ECEFF0057B75B /* chacha20.h */,
				67ADEF54297ECE820057B75B /* muhash.h */,
				67ADEF52297ECE6D0057B75B /* muhash.cpp */,
				67ADEF0B297ECCA90057B75B /* ripemd160.h */,
				67ADEF14297ECCA90057B75B /* sha256.h */,
				67ADEF1F297ECCA90057B75B /* common.h */,
				67ADEF22297ECCA90057B75B /* sha256.cpp */,
				67ADEF28297ECCA90057B75B /* ripemd160.cpp */,
				67ADEF32297ECCA90057B75B /* muhash.cpp */,
			);
			path = crypto;
			sourceTree = "<group>";
		};
		67ADEF49297ECDF90057B75B /* compat */ = {
			isa = PBXGroup;
			children = (
				67ADEF4A297ECDF90057B75B /* stdin.h */,
				67ADEF4B297ECDF90057B75B /* cpuid.h */,
				67ADEF4C297ECDF90057B75B /* endian.h */,
				67ADEF4D297ECDF90057B75B /* stdin.cpp */,
				67ADEF4E297ECDF90057B75B /* byteswap.h */,
				67ADEF4F297ECDF90057B75B /* compat.h */,
				67ADEF50297ECDF90057B75B /* assumptions.h */,
			);
			path = compat;
			sourceTree = "<group>";
		};
		67ADEFBA297ECFAA0057B75B /* util */ = {
			isa = PBXGroup;
			children = (
				67F6E2FA297ED15E00686E17 /* spanparsing.cpp */,
				67F6E2FB297ED15E00686E17 /* spanparsing.h */,
				67ADF017297ECFE00057B75B /* string.cpp */,
				67ADF018297ECFE00057B75B /* string.h */,
				67ADEFE7297ECFAA0057B75B /* strencodings.cpp */,
				67ADEFEA297ECFAA0057B75B /* strencodings.h */,
			);
			path = util;
			sourceTree = "<group>";
		};
/* End PBXGroup section */

/* Begin PBXNativeTarget section */
		677A0E71297ECB10003BE9E8 /* musig2-cpp */ = {
			isa = PBXNativeTarget;
			buildConfigurationList = 677A0E79297ECB10003BE9E8 /* Build configuration list for PBXNativeTarget "musig2-cpp" */;
			buildPhases = (
				677A0E6E297ECB10003BE9E8 /* Sources */,
				677A0E6F297ECB10003BE9E8 /* Frameworks */,
				677A0E70297ECB10003BE9E8 /* CopyFiles */,
			);
			buildRules = (
			);
			dependencies = (
			);
			name = "musig2-cpp";
			productName = musig2;
			productReference = 677A0E72297ECB10003BE9E8 /* musig2-cpp */;
			productType = "com.apple.product-type.tool";
		};
/* End PBXNativeTarget section */

/* Begin PBXProject section */
		677A0E6A297ECB10003BE9E8 /* Project object */ = {
			isa = PBXProject;
			attributes = {
				BuildIndependentTargetsInParallel = 1;
				LastUpgradeCheck = 1340;
				TargetAttributes = {
					677A0E71297ECB10003BE9E8 = {
						CreatedOnToolsVersion = 13.4;
					};
				};
			};
			buildConfigurationList = 677A0E6D297ECB10003BE9E8 /* Build configuration list for PBXProject "musig2-cpp" */;
			compatibilityVersion = "Xcode 13.0";
			developmentRegion = en;
			hasScannedForEncodings = 0;
			knownRegions = (
				en,
				Base,
			);
			mainGroup = 677A0E69297ECB10003BE9E8;
			productRefGroup = 677A0E73297ECB10003BE9E8 /* Products */;
			projectDirPath = "";
			projectRoot = "";
			targets = (
				677A0E71297ECB10003BE9E8 /* musig2-cpp */,
			);
		};
/* End PBXProject section */

/* Begin PBXSourcesBuildPhase section */
		677A0E6E297ECB10003BE9E8 /* Sources */ = {
			isa = PBXSourcesBuildPhase;
			buildActionMask = 2147483647;
			files = (
				67F6E2FC297ED15E00686E17 /* spanparsing.cpp in Sources */,
				67DADD21297ED3220099BE08 /* sha512.cpp in Sources */,
				67DADD1A297ED27F0099BE08 /* hmac_sha256.cpp in Sources */,
				67ADF00B297ECFAA0057B75B /* strencodings.cpp in Sources */,
				677A0E76297ECB10003BE9E8 /* main.cpp in Sources */,
				67ADEF42297ECCA90057B75B /* ripemd160.cpp in Sources */,
				67ADEF51297ECDF90057B75B /* stdin.cpp in Sources */,
				67DADD17297ED2470099BE08 /* hash.cpp in Sources */,
				67ADEF3E297ECCA90057B75B /* sha256.cpp in Sources */,
				67ADEF5B297ECEFF0057B75B /* chacha20.cpp in Sources */,
				67ADEF58297ECED70057B75B /* uint256.cpp in Sources */,
				67ADEF48297ECCA90057B75B /* muhash.cpp in Sources */,
				67ADEF53297ECE6D0057B75B /* muhash.cpp in Sources */,
				67DADD1E297ED2E30099BE08 /* hmac_sha512.cpp in Sources */,
				67ADF019297ECFE00057B75B /* string.cpp in Sources */,
			);
			runOnlyForDeploymentPostprocessing = 0;
		};
/* End PBXSourcesBuildPhase section */

/* Begin XCBuildConfiguration section */
		677A0E77297ECB10003BE9E8 /* Debug */ = {
			isa = XCBuildConfiguration;
			buildSettings = {
				ALWAYS_SEARCH_USER_PATHS = NO;
				CLANG_ANALYZER_NONNULL = YES;
				CLANG_ANALYZER_NUMBER_OBJECT_CONVERSION = YES_AGGRESSIVE;
				CLANG_CXX_LANGUAGE_STANDARD = "gnu++17";
				CLANG_ENABLE_MODULES = YES;
				CLANG_ENABLE_OBJC_ARC = YES;
				CLANG_ENABLE_OBJC_WEAK = YES;
				CLANG_WARN_BLOCK_CAPTURE_AUTORELEASING = YES;
				CLANG_WARN_BOOL_CONVERSION = YES;
				CLANG_WARN_COMMA = YES;
				CLANG_WARN_CONSTANT_CONVERSION = YES;
				CLANG_WARN_DEPRECATED_OBJC_IMPLEMENTATIONS = YES;
				CLANG_WARN_DIRECT_OBJC_ISA_USAGE = YES_ERROR;
				CLANG_WARN_DOCUMENTATION_COMMENTS = YES;
				CLANG_WARN_EMPTY_BODY = YES;
				CLANG_WARN_ENUM_CONVERSION = YES;
				CLANG_WARN_INFINITE_RECURSION = YES;
				CLANG_WARN_INT_CONVERSION = YES;
				CLANG_WARN_NON_LITERAL_NULL_CONVERSION = YES;
				CLANG_WARN_OBJC_IMPLICIT_RETAIN_SELF = YES;
				CLANG_WARN_OBJC_LITERAL_CONVERSION = YES;
				CLANG_WARN_OBJC_ROOT_CLASS = YES_ERROR;
				CLANG_WARN_QUOTED_INCLUDE_IN_FRAMEWORK_HEADER = YES;
				CLANG_WARN_RANGE_LOOP_ANALYSIS = YES;
				CLANG_WARN_STRICT_PROTOTYPES = YES;
				CLANG_WARN_SUSPICIOUS_MOVE = YES;
				CLANG_WARN_UNGUARDED_AVAILABILITY = YES_AGGRESSIVE;
				CLANG_WARN_UNREACHABLE_CODE = YES;
				CLANG_WARN__DUPLICATE_METHOD_MATCH = YES;
				COPY_PHASE_STRIP = NO;
				DEBUG_INFORMATION_FORMAT = dwarf;
				ENABLE_STRICT_OBJC_MSGSEND = YES;
				ENABLE_TESTABILITY = YES;
				GCC_C_LANGUAGE_STANDARD = gnu11;
				GCC_DYNAMIC_NO_PIC = NO;
				GCC_NO_COMMON_BLOCKS = YES;
				GCC_OPTIMIZATION_LEVEL = 0;
				GCC_PREPROCESSOR_DEFINITIONS = (
					"DEBUG=1",
					"$(inherited)",
				);
				GCC_WARN_64_TO_32_BIT_CONVERSION = YES;
				GCC_WARN_ABOUT_RETURN_TYPE = YES_ERROR;
				GCC_WARN_UNDECLARED_SELECTOR = YES;
				GCC_WARN_UNINITIALIZED_AUTOS = YES_AGGRESSIVE;
				GCC_WARN_UNUSED_FUNCTION = YES;
				GCC_WARN_UNUSED_VARIABLE = YES;
				MACOSX_DEPLOYMENT_TARGET = 12.0;
				MTL_ENABLE_DEBUG_INFO = INCLUDE_SOURCE;
				MTL_FAST_MATH = YES;
				ONLY_ACTIVE_ARCH = YES;
				SDKROOT = macosx;
			};
			name = Debug;
		};
		677A0E78297ECB10003BE9E8 /* Release */ = {
			isa = XCBuildConfiguration;
			buildSettings = {
				ALWAYS_SEARCH_USER_PATHS = NO;
				CLANG_ANALYZER_NONNULL = YES;
				CLANG_ANALYZER_NUMBER_OBJECT_CONVERSION = YES_AGGRESSIVE;
				CLANG_CXX_LANGUAGE_STANDARD = "gnu++17";
				CLANG_ENABLE_MODULES = YES;
				CLANG_ENABLE_OBJC_ARC = YES;
				CLANG_ENABLE_OBJC_WEAK = YES;
				CLANG_WARN_BLOCK_CAPTURE_AUTORELEASING = YES;
				CLANG_WARN_BOOL_CONVERSION = YES;
				CLANG_WARN_COMMA = YES;
				CLANG_WARN_CONSTANT_CONVERSION = YES;
				CLANG_WARN_DEPRECATED_OBJC_IMPLEMENTATIONS = YES;
				CLANG_WARN_DIRECT_OBJC_ISA_USAGE = YES_ERROR;
				CLANG_WARN_DOCUMENTATION_COMMENTS = YES;
				CLANG_WARN_EMPTY_BODY = YES;
				CLANG_WARN_ENUM_CONVERSION = YES;
				CLANG_WARN_INFINITE_RECURSION = YES;
				CLANG_WARN_INT_CONVERSION = YES;
				CLANG_WARN_NON_LITERAL_NULL_CONVERSION = YES;
				CLANG_WARN_OBJC_IMPLICIT_RETAIN_SELF = YES;
				CLANG_WARN_OBJC_LITERAL_CONVERSION = YES;
				CLANG_WARN_OBJC_ROOT_CLASS = YES_ERROR;
				CLANG_WARN_QUOTED_INCLUDE_IN_FRAMEWORK_HEADER = YES;
				CLANG_WARN_RANGE_LOOP_ANALYSIS = YES;
				CLANG_WARN_STRICT_PROTOTYPES = YES;
				CLANG_WARN_SUSPICIOUS_MOVE = YES;
				CLANG_WARN_UNGUARDED_AVAILABILITY = YES_AGGRESSIVE;
				CLANG_WARN_UNREACHABLE_CODE = YES;
				CLANG_WARN__DUPLICATE_METHOD_MATCH = YES;
				COPY_PHASE_STRIP = NO;
				DEBUG_INFORMATION_FORMAT = "dwarf-with-dsym";
				ENABLE_NS_ASSERTIONS = NO;
				ENABLE_STRICT_OBJC_MSGSEND = YES;
				GCC_C_LANGUAGE_STANDARD = gnu11;
				GCC_NO_COMMON_BLOCKS = YES;
				GCC_WARN_64_TO_32_BIT_CONVERSION = YES;
				GCC_WARN_ABOUT_RETURN_TYPE = YES_ERROR;
				GCC_WARN_UNDECLARED_SELECTOR = YES;
				GCC_WARN_UNINITIALIZED_AUTOS = YES_AGGRESSIVE;
				GCC_WARN_UNUSED_FUNCTION = YES;
				GCC_WARN_UNUSED_VARIABLE = YES;
				MACOSX_DEPLOYMENT_TARGET = 12.0;
				MTL_ENABLE_DEBUG_INFO = NO;
				MTL_FAST_MATH = YES;
				SDKROOT = macosx;
			};
			name = Release;
		};
		677A0E7A297ECB10003BE9E8 /* Debug */ = {
			isa = XCBuildConfiguration;
			buildSettings = {
				CODE_SIGN_STYLE = Automatic;
				DEVELOPMENT_TEAM = 84M8H89V67;
				ENABLE_HARDENED_RUNTIME = YES;
				PRODUCT_NAME = "$(TARGET_NAME)";
			};
			name = Debug;
		};
		677A0E7B297ECB10003BE9E8 /* Release */ = {
			isa = XCBuildConfiguration;
			buildSettings = {
				CODE_SIGN_STYLE = Automatic;
				DEVELOPMENT_TEAM = 84M8H89V67;
				ENABLE_HARDENED_RUNTIME = YES;
				PRODUCT_NAME = "$(TARGET_NAME)";
			};
			name = Release;
		};
/* End XCBuildConfiguration section */

/* Begin XCConfigurationList section */
		677A0E6D297ECB10003BE9E8 /* Build configuration list for PBXProject "musig2-cpp" */ = {
			isa = XCConfigurationList;
			buildConfigurations = (
				677A0E77297ECB10003BE9E8 /* Debug */,
				677A0E78297ECB10003BE9E8 /* Release */,
			);
			defaultConfigurationIsVisible = 0;
			defaultConfigurationName = Release;
		};
		677A0E79297ECB10003BE9E8 /* Build configuration list for PBXNativeTarget "musig2-cpp" */ = {
			isa = XCConfigurationList;
			buildConfigurations = (
				677A0E7A297ECB10003BE9E8 /* Debug */,
				677A0E7B297ECB10003BE9E8 /* Release */,
			);
			defaultConfigurationIsVisible = 0;
			defaultConfigurationName = Release;
		};
/* End XCConfigurationList section */
	};
	rootObject = 677A0E6A297ECB10003BE9E8 /* Project object */;
}
